version = 1
revision = 3
requires-python = ">=3.11"

[[package]]
name = "tinygrad"
version = "0.13.0"
source = { git = "https://github.com/tinygrad/tinygrad.git?rev=980748ccfc4e3900ac652d8451e2ead9bfb4d09a#980748ccfc4e3900ac652d8451e2ead9bfb4d09a" }

[[package]]
name = "tinymesh"
version = "0.1.0"
source = { editable = "." }
dependencies = [
    { name = "tinygrad" },
]

[package.metadata]
requires-dist = [{ name = "tinygrad", git = "https://github.com/tinygrad/tinygrad.git?rev=980748ccfc4e3900ac652d8451e2ead9bfb4d09a" }]
