version = 1
revision = 3
requires-python = ">=3.11"

[[package]]
name = "tinygrad"
version = "0.13.0"
source = { git = "https://github.com/tinygrad/tinygrad.git?rev=b1a72299ab3f2c94eceb644f1ed43117149679d1#b1a72299ab3f2c94eceb644f1ed43117149679d1" }

[[package]]
name = "tinymesh"
version = "0.1.0"
source = { editable = "." }
dependencies = [
    { name = "tinygrad" },
]

[package.metadata]
requires-dist = [{ name = "tinygrad", git = "https://github.com/tinygrad/tinygrad.git?rev=b1a72299ab3f2c94eceb644f1ed43117149679d1" }]
